Microsoft Visual Studio Solution File, Format Version 9.00
# Visual Studio 2005
Project("{8BC9CEB8-8B4A-11D0-8D11-00A0C91BC942}") = "Lesson801_Hardware_Scene_Manager", "Lesson801_Hardware_Scene_Manager.vcproj", "{01F6C3BD-3262-8B16-D2E0-962EB33B6C73}"
	ProjectSection(ProjectDependencies) = postProject
	EndProjectSection
EndProject
Project("{8BC9CEB8-8B4A-11D0-8D11-00A0C91BC942}") = "Lesson802_Multiple_Scenes", "Lesson802_Multiple_Scenes.vcproj", "{7937D35A-E5FA-AB45-05BF-0F90E1AF747B}"
	ProjectSection(ProjectDependencies) = postProject
	EndProjectSection
EndProject
Project("{8BC9CEB8-8B4A-11D0-8D11-00A0C91BC942}") = "Lesson803_PhysX_FX_Integration", "Lesson803_PhysX_FX_Integration.vcproj", "{4AB70B99-7A0D-0AB9-6B00-BD1CA1971310}"
	ProjectSection(ProjectDependencies) = postProject
	EndProjectSection
EndProject
Project("{8BC9CEB8-8B4A-11D0-8D11-00A0C91BC942}") = "Lesson804_User_Controlled_Threads", "Lesson804_User_Controlled_Threads.vcproj", "{AD164342-3F26-ACCD-C69B-16D6CE9F84A8}"
	ProjectSection(ProjectDependencies) = postProject
	EndProjectSection
EndProject
EndGlobal
