Microsoft Visual Studio Solution File, Format Version 9.00
# Visual Studio 2005
Project("{8BC9CEB8-8B4A-11D0-8D11-00A0C91BC942}") = "Lesson1001_Cloth", "Lesson1001_Cloth.vcproj", "{8F8FFF76-FD60-28C9-EBA1-AF4C2478D1B5}"
	ProjectSection(ProjectDependencies) = postProject
	EndProjectSection
EndProject
Project("{8BC9CEB8-8B4A-11D0-8D11-00A0C91BC942}") = "Lesson1002_External_Forces", "Lesson1002_External_Forces.vcproj", "{9A516635-74C4-0E20-E7CA-8DE0E5EC3636}"
	ProjectSection(ProjectDependencies) = postProject
	EndProjectSection
EndProject
Project("{8BC9CEB8-8B4A-11D0-8D11-00A0C91BC942}") = "Lesson1003_Damping", "Lesson1003_Damping.vcproj", "{57AC9349-1693-2A39-71B4-6DDBAE5E3CF8}"
	ProjectSection(ProjectDependencies) = postProject
	EndProjectSection
EndProject
Project("{8BC9CEB8-8B4A-11D0-8D11-00A0C91BC942}") = "Lesson1004_Pipe", "Lesson1004_Pipe.vcproj", "{2681C531-D7B0-F316-4EDA-503E8C800EDC}"
	ProjectSection(ProjectDependencies) = postProject
	EndProjectSection
EndProject
Project("{8BC9CEB8-8B4A-11D0-8D11-00A0C91BC942}") = "Lesson1005_Attachment", "Lesson1005_Attachment.vcproj", "{A2DE229B-6CFE-00B8-FE94-4E96EB2CDAB6}"
	ProjectSection(ProjectDependencies) = postProject
	EndProjectSection
EndProject
Project("{8BC9CEB8-8B4A-11D0-8D11-00A0C91BC942}") = "Lesson1006_Tearing", "Lesson1006_Tearing.vcproj", "{64A9FD2B-D5B2-9E67-32C0-9876E336C948}"
	ProjectSection(ProjectDependencies) = postProject
	EndProjectSection
EndProject
Project("{8BC9CEB8-8B4A-11D0-8D11-00A0C91BC942}") = "Lesson1007_Pressure", "Lesson1007_Pressure.vcproj", "{F4B8AB36-A314-9514-95F8-FED6D50A3B68}"
	ProjectSection(ProjectDependencies) = postProject
	EndProjectSection
EndProject
Project("{8BC9CEB8-8B4A-11D0-8D11-00A0C91BC942}") = "Lesson1008_Self_Collision", "Lesson1008_Self_Collision.vcproj", "{3131C79F-277C-1E1B-C956-1CA1DDC977EC}"
	ProjectSection(ProjectDependencies) = postProject
	EndProjectSection
EndProject
Project("{8BC9CEB8-8B4A-11D0-8D11-00A0C91BC942}") = "Lesson1009_Interaction_Fluid", "Lesson1009_Interaction_Fluid.vcproj", "{7081771C-ED18-94E1-A9F0-18D441B3B770}"
	ProjectSection(ProjectDependencies) = postProject
	EndProjectSection
EndProject
Project("{8BC9CEB8-8B4A-11D0-8D11-00A0C91BC942}") = "Lesson1010_Metal", "Lesson1010_Metal.vcproj", "{888F0135-6A39-634D-1EE8-EC35346444F0}"
	ProjectSection(ProjectDependencies) = postProject
	EndProjectSection
EndProject
EndGlobal
