Microsoft Visual Studio Solution File, Format Version 9.00
# Visual Studio 2005
Project("{8BC9CEB8-8B4A-11D0-8D11-00A0C91BC942}") = "Lesson401_Rope", "Lesson401_Rope.vcproj", "{FE6E98AC-A708-90A8-21CA-7F68FD4037FA}"
	ProjectSection(ProjectDependencies) = postProject
	EndProjectSection
EndProject
Project("{8BC9CEB8-8B4A-11D0-8D11-00A0C91BC942}") = "Lesson402_Jointed_Rigid_Body_Cloth", "Lesson402_Jointed_Rigid_Body_Cloth.vcproj", "{CA3F7FDD-427F-5553-C31E-DD3458016AD6}"
	ProjectSection(ProjectDependencies) = postProject
	EndProjectSection
EndProject
Project("{8BC9CEB8-8B4A-11D0-8D11-00A0C91BC942}") = "Lesson403_Ragdolls", "Lesson403_Ragdolls.vcproj", "{A2A56EE7-44C7-6050-365A-C4D1A65CB4E8}"
	ProjectSection(ProjectDependencies) = postProject
	EndProjectSection
EndProject
Project("{8BC9CEB8-8B4A-11D0-8D11-00A0C91BC942}") = "Lesson404_Tank", "Lesson404_Tank.vcproj", "{F96E9BBF-FA20-4F75-3D7C-5F492AD6B891}"
	ProjectSection(ProjectDependencies) = postProject
	EndProjectSection
EndProject
Project("{8BC9CEB8-8B4A-11D0-8D11-00A0C91BC942}") = "Lesson405_Grass", "Lesson405_Grass.vcproj", "{6C7B4EA3-06D1-A46A-ACF8-E57898A45D78}"
	ProjectSection(ProjectDependencies) = postProject
	EndProjectSection
EndProject
Project("{8BC9CEB8-8B4A-11D0-8D11-00A0C91BC942}") = "Lesson406_Articulated_Truck", "Lesson406_Articulated_Truck.vcproj", "{4766EC2E-0E90-9D3C-CCFC-2876FAE47588}"
	ProjectSection(ProjectDependencies) = postProject
	EndProjectSection
EndProject
Project("{8BC9CEB8-8B4A-11D0-8D11-00A0C91BC942}") = "Lesson407_Particle_Systems", "Lesson407_Particle_Systems.vcproj", "{F947662E-02DC-F852-E083-8EC41F3882B4}"
	ProjectSection(ProjectDependencies) = postProject
	EndProjectSection
EndProject
Project("{8BC9CEB8-8B4A-11D0-8D11-00A0C91BC942}") = "Lesson408_Fragmenting_Objects", "Lesson408_Fragmenting_Objects.vcproj", "{0A9A3082-3D26-B100-3F48-67A048D0BA94}"
	ProjectSection(ProjectDependencies) = postProject
	EndProjectSection
EndProject
EndGlobal
