Microsoft Visual Studio Solution File, Format Version 9.00
# Visual Studio 2005
Project("{8BC9CEB8-8B4A-11D0-8D11-00A0C91BC942}") = "Lesson101_Primary_Shape", "../../Chapter1_Rigid_Bodies/compiler/xpj/../vc8win32/Lesson101_Primary_Shape.vcproj", "{99092D64-BE24-9B2F-1610-C76CD40855C9}"
	ProjectSection(ProjectDependencies) = postProject
	EndProjectSection
EndProject
Project("{8BC9CEB8-8B4A-11D0-8D11-00A0C91BC942}") = "Lesson102_Mesh_Shapes", "../../Chapter1_Rigid_Bodies/compiler/xpj/../vc8win32/Lesson102_Mesh_Shapes.vcproj", "{B6DF9977-FCF9-A6D2-6F28-CC02B1A62204}"
	ProjectSection(ProjectDependencies) = postProject
	EndProjectSection
EndProject
Project("{8BC9CEB8-8B4A-11D0-8D11-00A0C91BC942}") = "Lesson103_Compound", "../../Chapter1_Rigid_Bodies/compiler/xpj/../vc8win32/Lesson103_Compound.vcproj", "{ACA71F92-EBAA-A392-5B48-C61092E3F818}"
	ProjectSection(ProjectDependencies) = postProject
	EndProjectSection
EndProject
Project("{8BC9CEB8-8B4A-11D0-8D11-00A0C91BC942}") = "Lesson104_Actors", "../../Chapter1_Rigid_Bodies/compiler/xpj/../vc8win32/Lesson104_Actors.vcproj", "{D4872715-CF27-CB8D-E6A0-3B425B41DD64}"
	ProjectSection(ProjectDependencies) = postProject
	EndProjectSection
EndProject
Project("{8BC9CEB8-8B4A-11D0-8D11-00A0C91BC942}") = "Lesson105_Materials", "../../Chapter1_Rigid_Bodies/compiler/xpj/../vc8win32/Lesson105_Materials.vcproj", "{0BB7263A-BCF2-C53E-0801-1C18A646B935}"
	ProjectSection(ProjectDependencies) = postProject
	EndProjectSection
EndProject
Project("{8BC9CEB8-8B4A-11D0-8D11-00A0C91BC942}") = "Lesson106_PuttingActorsToSleep", "../../Chapter1_Rigid_Bodies/compiler/xpj/../vc8win32/Lesson106_PuttingActorsToSleep.vcproj", "{7DBE167B-787B-61C6-4414-322C5AAA37F3}"
	ProjectSection(ProjectDependencies) = postProject
	EndProjectSection
EndProject
Project("{8BC9CEB8-8B4A-11D0-8D11-00A0C91BC942}") = "Lesson107_Rigidbody_Properties", "../../Chapter1_Rigid_Bodies/compiler/xpj/../vc8win32/Lesson107_Rigidbody_Properties.vcproj", "{94AC3158-8990-4552-DFF4-B4183AB320D4}"
	ProjectSection(ProjectDependencies) = postProject
	EndProjectSection
EndProject
Project("{8BC9CEB8-8B4A-11D0-8D11-00A0C91BC942}") = "Lesson108_Freeze_Flags_and_Damping", "../../Chapter1_Rigid_Bodies/compiler/xpj/../vc8win32/Lesson108_Freeze_Flags_and_Damping.vcproj", "{CA3AC07F-C7FF-8F40-4E54-AB2D0740F3A6}"
	ProjectSection(ProjectDependencies) = postProject
	EndProjectSection
EndProject
Project("{8BC9CEB8-8B4A-11D0-8D11-00A0C91BC942}") = "Lesson109_Collision_Groups", "../../Chapter1_Rigid_Bodies/compiler/xpj/../vc8win32/Lesson109_Collision_Groups.vcproj", "{F847514F-1111-9F91-3AD8-9ECE4E37A768}"
	ProjectSection(ProjectDependencies) = postProject
	EndProjectSection
EndProject
Project("{8BC9CEB8-8B4A-11D0-8D11-00A0C91BC942}") = "Lesson110_Collision_Filtering", "../../Chapter1_Rigid_Bodies/compiler/xpj/../vc8win32/Lesson110_Collision_Filtering.vcproj", "{1498CFB3-6EBD-8350-C3D0-EE2FB883C1E8}"
	ProjectSection(ProjectDependencies) = postProject
	EndProjectSection
EndProject
Project("{8BC9CEB8-8B4A-11D0-8D11-00A0C91BC942}") = "Lesson111_Dynamic_CCD", "../../Chapter1_Rigid_Bodies/compiler/xpj/../vc8win32/Lesson111_Dynamic_CCD.vcproj", "{54F7544D-73D5-CA58-C400-9D264CD0D174}"
	ProjectSection(ProjectDependencies) = postProject
	EndProjectSection
EndProject
Project("{8BC9CEB8-8B4A-11D0-8D11-00A0C91BC942}") = "Lesson112_Overlap", "../../Chapter1_Rigid_Bodies/compiler/xpj/../vc8win32/Lesson112_Overlap.vcproj", "{4097D954-744C-8880-2CC0-9E48B4159BC0}"
	ProjectSection(ProjectDependencies) = postProject
	EndProjectSection
EndProject
Project("{8BC9CEB8-8B4A-11D0-8D11-00A0C91BC942}") = "Lesson113_Rigidbody_Cloth", "../../Chapter1_Rigid_Bodies/compiler/xpj/../vc8win32/Lesson113_Rigidbody_Cloth.vcproj", "{5E36B2C5-5D8C-7334-A900-594C8FFEC040}"
	ProjectSection(ProjectDependencies) = postProject
	EndProjectSection
EndProject
Project("{8BC9CEB8-8B4A-11D0-8D11-00A0C91BC942}") = "Lesson114_Rigidbody_Fluid", "../../Chapter1_Rigid_Bodies/compiler/xpj/../vc8win32/Lesson114_Rigidbody_Fluid.vcproj", "{59353C1B-1BB2-6FAC-00C6-22A092803C2A}"
	ProjectSection(ProjectDependencies) = postProject
	EndProjectSection
EndProject
Project("{8BC9CEB8-8B4A-11D0-8D11-00A0C91BC942}") = "Lesson115_Rigidbody_Softbody", "../../Chapter1_Rigid_Bodies/compiler/xpj/../vc8win32/Lesson115_Rigidbody_Softbody.vcproj", "{B07727B7-D526-49C3-1510-5D306A67BB50}"
	ProjectSection(ProjectDependencies) = postProject
	EndProjectSection
EndProject
Project("{8BC9CEB8-8B4A-11D0-8D11-00A0C91BC942}") = "Lesson116_Rigidbody_ForceField", "../../Chapter1_Rigid_Bodies/compiler/xpj/../vc8win32/Lesson116_Rigidbody_ForceField.vcproj", "{3AC1C806-D89A-0B38-7216-5FF2A4607BC2}"
	ProjectSection(ProjectDependencies) = postProject
	EndProjectSection
EndProject
Project("{8BC9CEB8-8B4A-11D0-8D11-00A0C91BC942}") = "Lesson301_Actor_Pair_Filtering", "../../Chapter3_User_Reports/compiler/xpj/../vc8win32/Lesson301_Actor_Pair_Filtering.vcproj", "{4EB76CCD-1350-5B80-5B9A-1ED4E7944E52}"
	ProjectSection(ProjectDependencies) = postProject
	EndProjectSection
EndProject
Project("{8BC9CEB8-8B4A-11D0-8D11-00A0C91BC942}") = "Lesson302_Memory_Allocator", "../../Chapter3_User_Reports/compiler/xpj/../vc8win32/Lesson302_Memory_Allocator.vcproj", "{E14BE995-3B1F-98BE-2C15-7AE5FC58B2A0}"
	ProjectSection(ProjectDependencies) = postProject
	EndProjectSection
EndProject
Project("{8BC9CEB8-8B4A-11D0-8D11-00A0C91BC942}") = "Lesson303_Contact_Report", "../../Chapter3_User_Reports/compiler/xpj/../vc8win32/Lesson303_Contact_Report.vcproj", "{101B3147-BB06-C686-7110-D8425AE98050}"
	ProjectSection(ProjectDependencies) = postProject
	EndProjectSection
EndProject
Project("{8BC9CEB8-8B4A-11D0-8D11-00A0C91BC942}") = "Lesson304_Trigger_Report", "../../Chapter3_User_Reports/compiler/xpj/../vc8win32/Lesson304_Trigger_Report.vcproj", "{1919716E-375C-CB06-8DF7-B28A85442BA9}"
	ProjectSection(ProjectDependencies) = postProject
	EndProjectSection
EndProject
Project("{8BC9CEB8-8B4A-11D0-8D11-00A0C91BC942}") = "Lesson305_Raycast_Report", "../../Chapter3_User_Reports/compiler/xpj/../vc8win32/Lesson305_Raycast_Report.vcproj", "{1D16871A-D808-15B5-B654-18ECEC0EA90B}"
	ProjectSection(ProjectDependencies) = postProject
	EndProjectSection
EndProject
Project("{8BC9CEB8-8B4A-11D0-8D11-00A0C91BC942}") = "Lesson306_Entity_Report", "../../Chapter3_User_Reports/compiler/xpj/../vc8win32/Lesson306_Entity_Report.vcproj", "{C4033579-0927-A0E5-4674-AA7BAFD1B5B4}"
	ProjectSection(ProjectDependencies) = postProject
	EndProjectSection
EndProject
Project("{8BC9CEB8-8B4A-11D0-8D11-00A0C91BC942}") = "Lesson307_Notify", "../../Chapter3_User_Reports/compiler/xpj/../vc8win32/Lesson307_Notify.vcproj", "{E68799E6-137A-A4AA-AD14-F6126D15F1EE}"
	ProjectSection(ProjectDependencies) = postProject
	EndProjectSection
EndProject
Project("{8BC9CEB8-8B4A-11D0-8D11-00A0C91BC942}") = "Lesson308_Output_Stream", "../../Chapter3_User_Reports/compiler/xpj/../vc8win32/Lesson308_Output_Stream.vcproj", "{CA0878EF-6D65-A700-83A6-DE576D586AEC}"
	ProjectSection(ProjectDependencies) = postProject
	EndProjectSection
EndProject
Project("{8BC9CEB8-8B4A-11D0-8D11-00A0C91BC942}") = "Lesson309_Scheduler", "../../Chapter3_User_Reports/compiler/xpj/../vc8win32/Lesson309_Scheduler.vcproj", "{0EB40901-2929-1BA6-2CA8-5B9A878EFA26}"
	ProjectSection(ProjectDependencies) = postProject
	EndProjectSection
EndProject
Project("{8BC9CEB8-8B4A-11D0-8D11-00A0C91BC942}") = "Lesson401_Rope", "../../Chapter4_PhysicsEffects/compiler/xpj/../vc8win32/Lesson401_Rope.vcproj", "{FE6E98AC-A708-90A8-21CA-7F68FD4037FA}"
	ProjectSection(ProjectDependencies) = postProject
	EndProjectSection
EndProject
Project("{8BC9CEB8-8B4A-11D0-8D11-00A0C91BC942}") = "Lesson402_Jointed_Rigid_Body_Cloth", "../../Chapter4_PhysicsEffects/compiler/xpj/../vc8win32/Lesson402_Jointed_Rigid_Body_Cloth.vcproj", "{CA3F7FDD-427F-5553-C31E-DD3458016AD6}"
	ProjectSection(ProjectDependencies) = postProject
	EndProjectSection
EndProject
Project("{8BC9CEB8-8B4A-11D0-8D11-00A0C91BC942}") = "Lesson403_Ragdolls", "../../Chapter4_PhysicsEffects/compiler/xpj/../vc8win32/Lesson403_Ragdolls.vcproj", "{A2A56EE7-44C7-6050-365A-C4D1A65CB4E8}"
	ProjectSection(ProjectDependencies) = postProject
	EndProjectSection
EndProject
Project("{8BC9CEB8-8B4A-11D0-8D11-00A0C91BC942}") = "Lesson404_Tank", "../../Chapter4_PhysicsEffects/compiler/xpj/../vc8win32/Lesson404_Tank.vcproj", "{F96E9BBF-FA20-4F75-3D7C-5F492AD6B891}"
	ProjectSection(ProjectDependencies) = postProject
	EndProjectSection
EndProject
Project("{8BC9CEB8-8B4A-11D0-8D11-00A0C91BC942}") = "Lesson405_Grass", "../../Chapter4_PhysicsEffects/compiler/xpj/../vc8win32/Lesson405_Grass.vcproj", "{6C7B4EA3-06D1-A46A-ACF8-E57898A45D78}"
	ProjectSection(ProjectDependencies) = postProject
	EndProjectSection
EndProject
Project("{8BC9CEB8-8B4A-11D0-8D11-00A0C91BC942}") = "Lesson406_Articulated_Truck", "../../Chapter4_PhysicsEffects/compiler/xpj/../vc8win32/Lesson406_Articulated_Truck.vcproj", "{4766EC2E-0E90-9D3C-CCFC-2876FAE47588}"
	ProjectSection(ProjectDependencies) = postProject
	EndProjectSection
EndProject
Project("{8BC9CEB8-8B4A-11D0-8D11-00A0C91BC942}") = "Lesson407_Particle_Systems", "../../Chapter4_PhysicsEffects/compiler/xpj/../vc8win32/Lesson407_Particle_Systems.vcproj", "{F947662E-02DC-F852-E083-8EC41F3882B4}"
	ProjectSection(ProjectDependencies) = postProject
	EndProjectSection
EndProject
Project("{8BC9CEB8-8B4A-11D0-8D11-00A0C91BC942}") = "Lesson408_Fragmenting_Objects", "../../Chapter4_PhysicsEffects/compiler/xpj/../vc8win32/Lesson408_Fragmenting_Objects.vcproj", "{0A9A3082-3D26-B100-3F48-67A048D0BA94}"
	ProjectSection(ProjectDependencies) = postProject
	EndProjectSection
EndProject
Project("{8BC9CEB8-8B4A-11D0-8D11-00A0C91BC942}") = "Lesson501_Debug_Renderer", "../../Chapter5_Tools/compiler/xpj/../vc8win32/Lesson501_Debug_Renderer.vcproj", "{E61B9D58-DC30-7654-7D76-FFD0836E55C0}"
	ProjectSection(ProjectDependencies) = postProject
	EndProjectSection
EndProject
Project("{8BC9CEB8-8B4A-11D0-8D11-00A0C91BC942}") = "Lesson502_Visual_Remote_Debugger", "../../Chapter5_Tools/compiler/xpj/../vc8win32/Lesson502_Visual_Remote_Debugger.vcproj", "{2DFAF8D8-82A0-B8A0-B094-64C88EA85822}"
	ProjectSection(ProjectDependencies) = postProject
	EndProjectSection
EndProject
Project("{8BC9CEB8-8B4A-11D0-8D11-00A0C91BC942}") = "Lesson503_Core_Dump", "../../Chapter5_Tools/compiler/xpj/../vc8win32/Lesson503_Core_Dump.vcproj", "{E9BEF444-97BC-3190-BA90-90485E709040}"
	ProjectSection(ProjectDependencies) = postProject
	EndProjectSection
EndProject
Project("{8BC9CEB8-8B4A-11D0-8D11-00A0C91BC942}") = "Lesson504_Scene_Export", "../../Chapter5_Tools/compiler/xpj/../vc8win32/Lesson504_Scene_Export.vcproj", "{3BEF5B13-F6C8-83C4-3602-4D5C569C15F4}"
	ProjectSection(ProjectDependencies) = postProject
	EndProjectSection
EndProject
Project("{8BC9CEB8-8B4A-11D0-8D11-00A0C91BC942}") = "Lesson505_Asset_Export", "../../Chapter5_Tools/compiler/xpj/../vc8win32/Lesson505_Asset_Export.vcproj", "{4EEF7D45-EAA1-114F-EEAC-D99039603632}"
	ProjectSection(ProjectDependencies) = postProject
	EndProjectSection
EndProject
Project("{8BC9CEB8-8B4A-11D0-8D11-00A0C91BC942}") = "Lesson601_Forcefield_Creation", "../../Chapter6_ForceField/compiler/xpj/../vc8win32/Lesson601_Forcefield_Creation.vcproj", "{F19B9B19-2221-1C61-5C6F-AE96D625D89F}"
	ProjectSection(ProjectDependencies) = postProject
	EndProjectSection
EndProject
Project("{8BC9CEB8-8B4A-11D0-8D11-00A0C91BC942}") = "Lesson602_Forcefield_Coordinate", "../../Chapter6_ForceField/compiler/xpj/../vc8win32/Lesson602_Forcefield_Coordinate.vcproj", "{C5D28574-CC48-80A7-5ADF-ACF4561031E4}"
	ProjectSection(ProjectDependencies) = postProject
	EndProjectSection
EndProject
Project("{8BC9CEB8-8B4A-11D0-8D11-00A0C91BC942}") = "Lesson603_Forcefield_Kernels", "../../Chapter6_ForceField/compiler/xpj/../vc8win32/Lesson603_Forcefield_Kernels.vcproj", "{927DE736-8886-1778-C972-22B078074B12}"
	ProjectSection(ProjectDependencies) = postProject
	EndProjectSection
EndProject
Project("{8BC9CEB8-8B4A-11D0-8D11-00A0C91BC942}") = "Lesson604_Forcefield_Scaling", "../../Chapter6_ForceField/compiler/xpj/../vc8win32/Lesson604_Forcefield_Scaling.vcproj", "{8080AD3A-DE20-45B5-3980-807ED12A4D80}"
	ProjectSection(ProjectDependencies) = postProject
	EndProjectSection
EndProject
Project("{8BC9CEB8-8B4A-11D0-8D11-00A0C91BC942}") = "Lesson701_Wheel_Shapes", "../../Chapter7_Vehicles/compiler/xpj/../vc8win32/Lesson701_Wheel_Shapes.vcproj", "{23F200F2-FE28-9800-7070-6560B4004A3D}"
	ProjectSection(ProjectDependencies) = postProject
	EndProjectSection
EndProject
Project("{8BC9CEB8-8B4A-11D0-8D11-00A0C91BC942}") = "Lesson702_Suspension_and_Torque", "../../Chapter7_Vehicles/compiler/xpj/../vc8win32/Lesson702_Suspension_and_Torque.vcproj", "{14D1387F-882B-2738-CB98-14FE7D40E640}"
	ProjectSection(ProjectDependencies) = postProject
	EndProjectSection
EndProject
Project("{8BC9CEB8-8B4A-11D0-8D11-00A0C91BC942}") = "Lesson703_Brakes_and_Steering", "../../Chapter7_Vehicles/compiler/xpj/../vc8win32/Lesson703_Brakes_and_Steering.vcproj", "{F7970DE2-C4C6-C9B2-DE01-EAE83F54D3B4}"
	ProjectSection(ProjectDependencies) = postProject
	EndProjectSection
EndProject
Project("{8BC9CEB8-8B4A-11D0-8D11-00A0C91BC942}") = "Lesson704_All_Wheel_Drive", "../../Chapter7_Vehicles/compiler/xpj/../vc8win32/Lesson704_All_Wheel_Drive.vcproj", "{343A3481-0515-AE1C-E27C-C676879CB2D8}"
	ProjectSection(ProjectDependencies) = postProject
	EndProjectSection
EndProject
Project("{8BC9CEB8-8B4A-11D0-8D11-00A0C91BC942}") = "Lesson801_Hardware_Scene_Manager", "../../Chapter8_Integration/compiler/xpj/../vc8win32/Lesson801_Hardware_Scene_Manager.vcproj", "{01F6C3BD-3262-8B16-D2E0-962EB33B6C73}"
	ProjectSection(ProjectDependencies) = postProject
	EndProjectSection
EndProject
Project("{8BC9CEB8-8B4A-11D0-8D11-00A0C91BC942}") = "Lesson802_Multiple_Scenes", "../../Chapter8_Integration/compiler/xpj/../vc8win32/Lesson802_Multiple_Scenes.vcproj", "{7937D35A-E5FA-AB45-05BF-0F90E1AF747B}"
	ProjectSection(ProjectDependencies) = postProject
	EndProjectSection
EndProject
Project("{8BC9CEB8-8B4A-11D0-8D11-00A0C91BC942}") = "Lesson803_PhysX_FX_Integration", "../../Chapter8_Integration/compiler/xpj/../vc8win32/Lesson803_PhysX_FX_Integration.vcproj", "{4AB70B99-7A0D-0AB9-6B00-BD1CA1971310}"
	ProjectSection(ProjectDependencies) = postProject
	EndProjectSection
EndProject
Project("{8BC9CEB8-8B4A-11D0-8D11-00A0C91BC942}") = "Lesson804_User_Controlled_Threads", "../../Chapter8_Integration/compiler/xpj/../vc8win32/Lesson804_User_Controlled_Threads.vcproj", "{AD164342-3F26-ACCD-C69B-16D6CE9F84A8}"
	ProjectSection(ProjectDependencies) = postProject
	EndProjectSection
EndProject
Project("{8BC9CEB8-8B4A-11D0-8D11-00A0C91BC942}") = "Lesson901_Fluid_Creation", "../../Chapter9_Fluids/compiler/xpj/../vc8win32/Lesson901_Fluid_Creation.vcproj", "{F51DC475-20EC-18FC-0DB3-07C231BC71AB}"
	ProjectSection(ProjectDependencies) = postProject
	EndProjectSection
EndProject
Project("{8BC9CEB8-8B4A-11D0-8D11-00A0C91BC942}") = "Lesson902_Fluid_Emitters", "../../Chapter9_Fluids/compiler/xpj/../vc8win32/Lesson902_Fluid_Emitters.vcproj", "{0E1CC3D2-1A22-275F-4526-1880BABABDA2}"
	ProjectSection(ProjectDependencies) = postProject
	EndProjectSection
EndProject
Project("{8BC9CEB8-8B4A-11D0-8D11-00A0C91BC942}") = "Lesson903_Fluid_and_Rigid_Bodies", "../../Chapter9_Fluids/compiler/xpj/../vc8win32/Lesson903_Fluid_and_Rigid_Bodies.vcproj", "{F8FCF1ED-1D5D-DA99-DF98-75FFB655DE60}"
	ProjectSection(ProjectDependencies) = postProject
	EndProjectSection
EndProject
Project("{8BC9CEB8-8B4A-11D0-8D11-00A0C91BC942}") = "Lesson904_Fluid_and_Drain", "../../Chapter9_Fluids/compiler/xpj/../vc8win32/Lesson904_Fluid_and_Drain.vcproj", "{433C2EC3-5CE7-201C-9AE0-B7CC2144E546}"
	ProjectSection(ProjectDependencies) = postProject
	EndProjectSection
EndProject
Project("{8BC9CEB8-8B4A-11D0-8D11-00A0C91BC942}") = "Lesson905_Fluid_Events", "../../Chapter9_Fluids/compiler/xpj/../vc8win32/Lesson905_Fluid_Events.vcproj", "{39F361CE-6B3A-0F29-3AA3-DE026EBDFCF2}"
	ProjectSection(ProjectDependencies) = postProject
	EndProjectSection
EndProject
Project("{8BC9CEB8-8B4A-11D0-8D11-00A0C91BC942}") = "Lesson906_Fluid_UserData", "../../Chapter9_Fluids/compiler/xpj/../vc8win32/Lesson906_Fluid_UserData.vcproj", "{DE2579EB-77A3-255B-ABC0-07A2611433DE}"
	ProjectSection(ProjectDependencies) = postProject
	EndProjectSection
EndProject
Project("{8BC9CEB8-8B4A-11D0-8D11-00A0C91BC942}") = "Lesson1001_Cloth", "../../Chapter10_Cloth/compiler/xpj/../vc8win32/Lesson1001_Cloth.vcproj", "{8F8FFF76-FD60-28C9-EBA1-AF4C2478D1B5}"
	ProjectSection(ProjectDependencies) = postProject
	EndProjectSection
EndProject
Project("{8BC9CEB8-8B4A-11D0-8D11-00A0C91BC942}") = "Lesson1002_External_Forces", "../../Chapter10_Cloth/compiler/xpj/../vc8win32/Lesson1002_External_Forces.vcproj", "{9A516635-74C4-0E20-E7CA-8DE0E5EC3636}"
	ProjectSection(ProjectDependencies) = postProject
	EndProjectSection
EndProject
Project("{8BC9CEB8-8B4A-11D0-8D11-00A0C91BC942}") = "Lesson1003_Damping", "../../Chapter10_Cloth/compiler/xpj/../vc8win32/Lesson1003_Damping.vcproj", "{57AC9349-1693-2A39-71B4-6DDBAE5E3CF8}"
	ProjectSection(ProjectDependencies) = postProject
	EndProjectSection
EndProject
Project("{8BC9CEB8-8B4A-11D0-8D11-00A0C91BC942}") = "Lesson1004_Pipe", "../../Chapter10_Cloth/compiler/xpj/../vc8win32/Lesson1004_Pipe.vcproj", "{2681C531-D7B0-F316-4EDA-503E8C800EDC}"
	ProjectSection(ProjectDependencies) = postProject
	EndProjectSection
EndProject
Project("{8BC9CEB8-8B4A-11D0-8D11-00A0C91BC942}") = "Lesson1005_Attachment", "../../Chapter10_Cloth/compiler/xpj/../vc8win32/Lesson1005_Attachment.vcproj", "{A2DE229B-6CFE-00B8-FE94-4E96EB2CDAB6}"
	ProjectSection(ProjectDependencies) = postProject
	EndProjectSection
EndProject
Project("{8BC9CEB8-8B4A-11D0-8D11-00A0C91BC942}") = "Lesson1006_Tearing", "../../Chapter10_Cloth/compiler/xpj/../vc8win32/Lesson1006_Tearing.vcproj", "{64A9FD2B-D5B2-9E67-32C0-9876E336C948}"
	ProjectSection(ProjectDependencies) = postProject
	EndProjectSection
EndProject
Project("{8BC9CEB8-8B4A-11D0-8D11-00A0C91BC942}") = "Lesson1007_Pressure", "../../Chapter10_Cloth/compiler/xpj/../vc8win32/Lesson1007_Pressure.vcproj", "{F4B8AB36-A314-9514-95F8-FED6D50A3B68}"
	ProjectSection(ProjectDependencies) = postProject
	EndProjectSection
EndProject
Project("{8BC9CEB8-8B4A-11D0-8D11-00A0C91BC942}") = "Lesson1008_Self_Collision", "../../Chapter10_Cloth/compiler/xpj/../vc8win32/Lesson1008_Self_Collision.vcproj", "{3131C79F-277C-1E1B-C956-1CA1DDC977EC}"
	ProjectSection(ProjectDependencies) = postProject
	EndProjectSection
EndProject
Project("{8BC9CEB8-8B4A-11D0-8D11-00A0C91BC942}") = "Lesson1009_Interaction_Fluid", "../../Chapter10_Cloth/compiler/xpj/../vc8win32/Lesson1009_Interaction_Fluid.vcproj", "{7081771C-ED18-94E1-A9F0-18D441B3B770}"
	ProjectSection(ProjectDependencies) = postProject
	EndProjectSection
EndProject
Project("{8BC9CEB8-8B4A-11D0-8D11-00A0C91BC942}") = "Lesson1010_Metal", "../../Chapter10_Cloth/compiler/xpj/../vc8win32/Lesson1010_Metal.vcproj", "{888F0135-6A39-634D-1EE8-EC35346444F0}"
	ProjectSection(ProjectDependencies) = postProject
	EndProjectSection
EndProject
Project("{8BC9CEB8-8B4A-11D0-8D11-00A0C91BC942}") = "Lesson1101_SoftBodyCube", "../../Chapter11_SoftBody/compiler/xpj/../vc8win32/Lesson1101_SoftBodyCube.vcproj", "{3F12125B-8E51-FF96-8500-5EFFD796E86A}"
	ProjectSection(ProjectDependencies) = postProject
	EndProjectSection
EndProject
Project("{8BC9CEB8-8B4A-11D0-8D11-00A0C91BC942}") = "Lesson1102_PalmTree", "../../Chapter11_SoftBody/compiler/xpj/../vc8win32/Lesson1102_PalmTree.vcproj", "{B1BE7B61-E256-69D0-1D93-571DB84C979E}"
	ProjectSection(ProjectDependencies) = postProject
	EndProjectSection
EndProject
Project("{8BC9CEB8-8B4A-11D0-8D11-00A0C91BC942}") = "Lesson1103_BunnyScene", "../../Chapter11_SoftBody/compiler/xpj/../vc8win32/Lesson1103_BunnyScene.vcproj", "{92E39C63-B044-BAD0-6D08-A782E530E4B2}"
	ProjectSection(ProjectDependencies) = postProject
	EndProjectSection
EndProject
Project("{8BC9CEB8-8B4A-11D0-8D11-00A0C91BC942}") = "Lesson1104_SelfCollision", "../../Chapter11_SoftBody/compiler/xpj/../vc8win32/Lesson1104_SelfCollision.vcproj", "{CF190758-3500-6EE6-9BB4-5030C2A3E9CF}"
	ProjectSection(ProjectDependencies) = postProject
	EndProjectSection
EndProject
Project("{8BC9CEB8-8B4A-11D0-8D11-00A0C91BC942}") = "Lesson1105_SoftWheelCar", "../../Chapter11_SoftBody/compiler/xpj/../vc8win32/Lesson1105_SoftWheelCar.vcproj", "{411035FB-FAC4-331F-5991-8D0351640E51}"
	ProjectSection(ProjectDependencies) = postProject
	EndProjectSection
EndProject
Project("{8BC9CEB8-8B4A-11D0-8D11-00A0C91BC942}") = "Lesson1106_Tearing", "../../Chapter11_SoftBody/compiler/xpj/../vc8win32/Lesson1106_Tearing.vcproj", "{65A82AD1-87C3-054C-DDF6-7A5F7D1AAF40}"
	ProjectSection(ProjectDependencies) = postProject
	EndProjectSection
EndProject
Project("{8BC9CEB8-8B4A-11D0-8D11-00A0C91BC942}") = "Lesson1201_Character_Controller", "../../Chapter12_Other/compiler/xpj/../vc8win32/Lesson1201_Character_Controller.vcproj", "{A7CADD19-49B7-4D34-29E1-D72958361698}"
	ProjectSection(ProjectDependencies) = postProject
	EndProjectSection
EndProject
EndGlobal
