Microsoft Visual Studio Solution File, Format Version 9.00
# Visual Studio 2005
Project("{8BC9CEB8-8B4A-11D0-8D11-00A0C91BC942}") = "Lesson101_Primary_Shape", "Lesson101_Primary_Shape.vcproj", "{99092D64-BE24-9B2F-1610-C76CD40855C9}"
	ProjectSection(ProjectDependencies) = postProject
	EndProjectSection
EndProject
Project("{8BC9CEB8-8B4A-11D0-8D11-00A0C91BC942}") = "Lesson102_Mesh_Shapes", "Lesson102_Mesh_Shapes.vcproj", "{B6DF9977-FCF9-A6D2-6F28-CC02B1A62204}"
	ProjectSection(ProjectDependencies) = postProject
	EndProjectSection
EndProject
Project("{8BC9CEB8-8B4A-11D0-8D11-00A0C91BC942}") = "Lesson103_Compound", "Lesson103_Compound.vcproj", "{ACA71F92-EBAA-A392-5B48-C61092E3F818}"
	ProjectSection(ProjectDependencies) = postProject
	EndProjectSection
EndProject
Project("{8BC9CEB8-8B4A-11D0-8D11-00A0C91BC942}") = "Lesson104_Actors", "Lesson104_Actors.vcproj", "{D4872715-CF27-CB8D-E6A0-3B425B41DD64}"
	ProjectSection(ProjectDependencies) = postProject
	EndProjectSection
EndProject
Project("{8BC9CEB8-8B4A-11D0-8D11-00A0C91BC942}") = "Lesson105_Materials", "Lesson105_Materials.vcproj", "{0BB7263A-BCF2-C53E-0801-1C18A646B935}"
	ProjectSection(ProjectDependencies) = postProject
	EndProjectSection
EndProject
Project("{8BC9CEB8-8B4A-11D0-8D11-00A0C91BC942}") = "Lesson106_PuttingActorsToSleep", "Lesson106_PuttingActorsToSleep.vcproj", "{7DBE167B-787B-61C6-4414-322C5AAA37F3}"
	ProjectSection(ProjectDependencies) = postProject
	EndProjectSection
EndProject
Project("{8BC9CEB8-8B4A-11D0-8D11-00A0C91BC942}") = "Lesson107_Rigidbody_Properties", "Lesson107_Rigidbody_Properties.vcproj", "{94AC3158-8990-4552-DFF4-B4183AB320D4}"
	ProjectSection(ProjectDependencies) = postProject
	EndProjectSection
EndProject
Project("{8BC9CEB8-8B4A-11D0-8D11-00A0C91BC942}") = "Lesson108_Freeze_Flags_and_Damping", "Lesson108_Freeze_Flags_and_Damping.vcproj", "{CA3AC07F-C7FF-8F40-4E54-AB2D0740F3A6}"
	ProjectSection(ProjectDependencies) = postProject
	EndProjectSection
EndProject
Project("{8BC9CEB8-8B4A-11D0-8D11-00A0C91BC942}") = "Lesson109_Collision_Groups", "Lesson109_Collision_Groups.vcproj", "{F847514F-1111-9F91-3AD8-9ECE4E37A768}"
	ProjectSection(ProjectDependencies) = postProject
	EndProjectSection
EndProject
Project("{8BC9CEB8-8B4A-11D0-8D11-00A0C91BC942}") = "Lesson110_Collision_Filtering", "Lesson110_Collision_Filtering.vcproj", "{1498CFB3-6EBD-8350-C3D0-EE2FB883C1E8}"
	ProjectSection(ProjectDependencies) = postProject
	EndProjectSection
EndProject
Project("{8BC9CEB8-8B4A-11D0-8D11-00A0C91BC942}") = "Lesson111_Dynamic_CCD", "Lesson111_Dynamic_CCD.vcproj", "{54F7544D-73D5-CA58-C400-9D264CD0D174}"
	ProjectSection(ProjectDependencies) = postProject
	EndProjectSection
EndProject
Project("{8BC9CEB8-8B4A-11D0-8D11-00A0C91BC942}") = "Lesson112_Overlap", "Lesson112_Overlap.vcproj", "{4097D954-744C-8880-2CC0-9E48B4159BC0}"
	ProjectSection(ProjectDependencies) = postProject
	EndProjectSection
EndProject
Project("{8BC9CEB8-8B4A-11D0-8D11-00A0C91BC942}") = "Lesson113_Rigidbody_Cloth", "Lesson113_Rigidbody_Cloth.vcproj", "{5E36B2C5-5D8C-7334-A900-594C8FFEC040}"
	ProjectSection(ProjectDependencies) = postProject
	EndProjectSection
EndProject
Project("{8BC9CEB8-8B4A-11D0-8D11-00A0C91BC942}") = "Lesson114_Rigidbody_Fluid", "Lesson114_Rigidbody_Fluid.vcproj", "{59353C1B-1BB2-6FAC-00C6-22A092803C2A}"
	ProjectSection(ProjectDependencies) = postProject
	EndProjectSection
EndProject
Project("{8BC9CEB8-8B4A-11D0-8D11-00A0C91BC942}") = "Lesson115_Rigidbody_Softbody", "Lesson115_Rigidbody_Softbody.vcproj", "{B07727B7-D526-49C3-1510-5D306A67BB50}"
	ProjectSection(ProjectDependencies) = postProject
	EndProjectSection
EndProject
Project("{8BC9CEB8-8B4A-11D0-8D11-00A0C91BC942}") = "Lesson116_Rigidbody_ForceField", "Lesson116_Rigidbody_ForceField.vcproj", "{3AC1C806-D89A-0B38-7216-5FF2A4607BC2}"
	ProjectSection(ProjectDependencies) = postProject
	EndProjectSection
EndProject
EndGlobal
